{
    "_readme": [
        "This file locks the dependencies of your project to a known state",
        "Read more about it at https://getcomposer.org/doc/01-basic-usage.md#composer-lock-the-lock-file",
        "This file is @generated automatically"
    ],
    "content-hash": "69d0a5208ee7885668e5b86f04d78103",
    "packages": [
        {
            "name": "globelabs/globe-connect-php",
            "version": "dev-master",
            "source": {
                "type": "git",
                "url": "https://github.com/globelabs/globe-connect-php.git",
                "reference": "38b4df018221bdb063694639e1d7f61578203c14"
            },
            "dist": {
                "type": "zip",
                "url": "https://api.github.com/repos/globelabs/globe-connect-php/zipball/38b4df018221bdb063694639e1d7f61578203c14",
                "reference": "38b4df018221bdb063694639e1d7f61578203c14",
                "shasum": ""
            },
            "require": {
                "php": "^5.3.3"
            },
            "type": "library",
            "notification-url": "https://packagist.org/downloads/",
            "description": "Globe Api",
            "time": "2016-12-19 09:34:46"
        }
    ],
    "packages-dev": [],
    "aliases": [],
    "minimum-stability": "dev",
    "stability-flags": [],
    "prefer-stable": false,
    "prefer-lowest": false,
    "platform": [],
    "platform-dev": []
}
